Microsoft Visual Studio Solution File, Format Version 11.00
# Visual Studio 2012
Project("{F184B08F-C81C-45F6-A57F-5ABD9991F28F}") = "DXDockingForLayoutPurposes", "DXDockingForLayoutPurposes\DXDockingForLayoutPurposes.vbproj", "{8AEEBF3A-F021-4DB1-BDA4-B1F93B305ABF}"
EndProject
Global
	GlobalSection(SolutionConfigurationPlatforms) = preSolution
		Debug|x86 = Debug|x86
		Release|x86 = Release|x86
	EndGlobalSection
	GlobalSection(ProjectConfigurationPlatforms) = postSolution
		{8AEEBF3A-F021-4DB1-BDA4-B1F93B305ABF}.Debug|x86.ActiveCfg = Debug|x86
		{8AEEBF3A-F021-4DB1-BDA4-B1F93B305ABF}.Debug|x86.Build.0 = Debug|x86
		{8AEEBF3A-F021-4DB1-BDA4-B1F93B305ABF}.Release|x86.ActiveCfg = Release|x86
		{8AEEBF3A-F021-4DB1-BDA4-B1F93B305ABF}.Release|x86.Build.0 = Release|x86
	EndGlobalSection
	GlobalSection(SolutionProperties) = preSolution
		HideSolutionNode = FALSE
	EndGlobalSection
EndGlobal
